
Microsoft Visual Studio Solution File, Format Version 11.00
# Visual Studio 2010
Project("{FAE04EC0-301F-11D3-BF4B-00C04F79EFBC}") = "Gladiabot", "Assembly-CSharp.csproj", "{1B232FA7-4F4A-9AB5-34AC-D0AD5185EEBA}"
EndProject
Global
	GlobalSection(SolutionConfigurationPlatforms) = preSolution
		Debug|Any CPU = Debug|Any CPU
		Release|Any CPU = Release|Any CPU
	EndGlobalSection
	GlobalSection(ProjectConfigurationPlatforms) = postSolution
		{1B232FA7-4F4A-9AB5-34AC-D0AD5185EEBA}.Debug|Any CPU.ActiveCfg = Debug|Any CPU
		{1B232FA7-4F4A-9AB5-34AC-D0AD5185EEBA}.Debug|Any CPU.Build.0 = Debug|Any CPU
		{1B232FA7-4F4A-9AB5-34AC-D0AD5185EEBA}.Release|Any CPU.ActiveCfg = Release|Any CPU
		{1B232FA7-4F4A-9AB5-34AC-D0AD5185EEBA}.Release|Any CPU.Build.0 = Release|Any CPU
	EndGlobalSection
	GlobalSection(SolutionProperties) = preSolution
		HideSolutionNode = FALSE
	EndGlobalSection
	GlobalSection(MonoDevelopProperties) = preSolution
		StartupItem = Assembly-CSharp.csproj
	EndGlobalSection
EndGlobal
